// !$*UTF8*$!
{
	archiveVersion = 1;
	classes = {
	};
	objectVersion = 46;
	objects = {

/* Begin PBXBuildFile section */
		B51F785B1A371C7300133C68 /* main.m in Sources */ = {isa = PBXBuildFile; fileRef = B51F785A1A371C7300133C68 /* main.m */; };
		B51F785E1A371C7300133C68 /* AppDelegate.m in Sources */ = {isa = PBXBuildFile; fileRef = B51F785D1A371C7300133C68 /* AppDelegate.m */; };
		B51F78611A371C7300133C68 /* ViewController.m in Sources */ = {isa = PBXBuildFile; fileRef = B51F78601A371C7300133C68 /* ViewController.m */; };
		B51F78641A371C7300133C68 /* Main.storyboard in Resources */ = {isa = PBXBuildFile; fileRef = B51F78621A371C7300133C68 /* Main.storyboard */; };
		B51F78661A371C7300133C68 /* Images.xcassets in Resources */ = {isa = PBXBuildFile; fileRef = B51F78651A371C7300133C68 /* Images.xcassets */; };
		B51F78691A371C7300133C68 /* LaunchScreen.xib in Resources */ = {isa = PBXBuildFile; fileRef = B51F78671A371C7300133C68 /* LaunchScreen.xib */; };
		B51F78751A371C7300133C68 /* BlockAndDelegatePassValueDemoTests.m in Sources */ = {isa = PBXBuildFile; fileRef = B51F78741A371C7300133C68 /* BlockAndDelegatePassValueDemoTests.m */; };
		B51F78801A371F5400133C68 /* SecondViewController.m in Sources */ = {isa = PBXBuildFile; fileRef = B51F787F1A371F5400133C68 /* SecondViewController.m */; };
/* End PBXBuildFile section */

/* Begin PBXContainerItemProxy section */
		B51F786F1A371C7300133C68 /* PBXContainerItemProxy */ = {
			isa = PBXContainerItemProxy;
			containerPortal = B51F784D1A371C7300133C68 /* Project object */;
			proxyType = 1;
			remoteGlobalIDString = B51F78541A371C7300133C68;
			remoteInfo = BlockAndDelegatePassValueDemo;
		};
/* End PBXContainerItemProxy section */

/* Begin PBXFileReference section */
		B51F78551A371C7300133C68 /* BlockAndDelegatePassValueDemo.app */ = {isa = PBXFileReference; explicitFileType = wrapper.application; includeInIndex = 0; path = BlockAndDelegatePassValueDemo.app; sourceTree = BUILT_PRODUCTS_DIR; };
		B51F78591A371C7300133C68 /* Info.plist */ = {isa = PBXFileReference; lastKnownFileType = text.plist.xml; path = Info.plist; sourceTree = "<group>"; };
		B51F785A1A371C7300133C68 /* main.m */ = {isa = PBXFileReference; lastKnownFileType = sourcecode.c.objc; path = main.m; sourceTree = "<group>"; };
		B51F785C1A371C7300133C68 /* AppDelegate.h */ = {isa = PBXFileReference; lastKnownFileType = sourcecode.c.h; path = AppDelegate.h; sourceTree = "<group>"; };
		B51F785D1A371C7300133C68 /* AppDelegate.m */ = {isa = PBXFileReference; lastKnownFileType = sourcecode.c.objc; path = AppDelegate.m; sourceTree = "<group>"; };
		B51F785F1A371C7300133C68 /* ViewController.h */ = {isa = PBXFileReference; lastKnownFileType = sourcecode.c.h; path = ViewController.h; sourceTree = "<group>"; };
		B51F78601A371C7300133C68 /* ViewController.m */ = {isa = PBXFileReference; lastKnownFileType = sourcecode.c.objc; path = ViewController.m; sourceTree = "<group>"; };
		B51F78631A371C7300133C68 /* Base */ = {isa = PBXFileReference; lastKnownFileType = file.storyboard; name = Base; path = Base.lproj/Main.storyboard; sourceTree = "<group>"; };
		B51F78651A371C7300133C68 /* Images.xcassets */ = {isa = PBXFileReference; lastKnownFileType = folder.assetcatalog; path = Images.xcassets; sourceTree = "<group>"; };
		B51F78681A371C7300133C68 /* Base */ = {isa = PBXFileReference; lastKnownFileType = file.xib; name = Base; path = Base.lproj/LaunchScreen.xib; sourceTree = "<group>"; };
		B51F786E1A371C7300133C68 /* BlockAndDelegatePassValueDemoTests.xctest */ = {isa = PBXFileReference; explicitFileType = wrapper.cfbundle; includeInIndex = 0; path = BlockAndDelegatePassValueDemoTests.xctest; sourceTree = BUILT_PRODUCTS_DIR; };
		B51F78731A371C7300133C68 /* Info.plist */ = {isa = PBXFileReference; lastKnownFileType = text.plist.xml; path = Info.plist; sourceTree = "<group>"; };
		B51F78741A371C7300133C68 /* BlockAndDelegatePassValueDemoTests.m */ = {isa = PBXFileReference; lastKnownFileType = sourcecode.c.objc; path = BlockAndDelegatePassValueDemoTests.m; sourceTree = "<group>"; };
		B51F787E1A371F5400133C68 /* SecondViewController.h */ = {isa = PBXFileReference; fileEncoding = 4; lastKnownFileType = sourcecode.c.h; path = SecondViewController.h; sourceTree = "<group>"; };
		B51F787F1A371F5400133C68 /* SecondViewController.m */ = {isa = PBXFileReference; fileEncoding = 4; lastKnownFileType = sourcecode.c.objc; path = SecondViewController.m; sourceTree = "<group>"; };
		B51F78811A37203B00133C68 /* PassTextDelegate.h */ = {isa = PBXFileReference; lastKnownFileType = sourcecode.c.h; path = PassTextDelegate.h; sourceTree = "<group>"; };
		B51F78821A37205200133C68 /* PrefixHeader.pch */ = {isa = PBXFileReference; lastKnownFileType = sourcecode.c.h; path = PrefixHeader.pch; sourceTree = "<group>"; };
/* End PBXFileReference section */

/* Begin PBXFrameworksBuildPhase section */
		B51F78521A371C7300133C68 /* Frameworks */ = {
			isa = PBXFrameworksBuildPhase;
			buildActionMask = 2147483647;
			files = (
			);
			runOnlyForDeploymentPostprocessing = 0;
		};
		B51F786B1A371C7300133C68 /* Frameworks */ = {
			isa = PBXFrameworksBuildPhase;
			buildActionMask = 2147483647;
			files = (
			);
			runOnlyForDeploymentPostprocessing = 0;
		};
/* End PBXFrameworksBuildPhase section */

/* Begin PBXGroup section */
		B51F784C1A371C7300133C68 = {
			isa = PBXGroup;
			children = (
				B51F78571A371C7300133C68 /* BlockAndDelegatePassValueDemo */,
				B51F78711A371C7300133C68 /* BlockAndDelegatePassValueDemoTests */,
				B51F78561A371C7300133C68 /* Products */,
			);
			sourceTree = "<group>";
		};
		B51F78561A371C7300133C68 /* Products */ = {
			isa = PBXGroup;
			children = (
				B51F78551A371C7300133C68 /* BlockAndDelegatePassValueDemo.app */,
				B51F786E1A371C7300133C68 /* BlockAndDelegatePassValueDemoTests.xctest */,
			);
			name = Products;
			sourceTree = "<group>";
		};
		B51F78571A371C7300133C68 /* BlockAndDelegatePassValueDemo */ = {
			isa = PBXGroup;
			children = (
				B51F785C1A371C7300133C68 /* AppDelegate.h */,
				B51F785D1A371C7300133C68 /* AppDelegate.m */,
				B51F78811A37203B00133C68 /* PassTextDelegate.h */,
				B51F78821A37205200133C68 /* PrefixHeader.pch */,
				B51F785F1A371C7300133C68 /* ViewController.h */,
				B51F78601A371C7300133C68 /* ViewController.m */,
				B51F787E1A371F5400133C68 /* SecondViewController.h */,
				B51F787F1A371F5400133C68 /* SecondViewController.m */,
				B51F78621A371C7300133C68 /* Main.storyboard */,
				B51F78651A371C7300133C68 /* Images.xcassets */,
				B51F78671A371C7300133C68 /* LaunchScreen.xib */,
				B51F78581A371C7300133C68 /* Supporting Files */,
			);
			path = BlockAndDelegatePassValueDemo;
			sourceTree = "<group>";
		};
		B51F78581A371C7300133C68 /* Supporting Files */ = {
			isa = PBXGroup;
			children = (
				B51F78591A371C7300133C68 /* Info.plist */,
				B51F785A1A371C7300133C68 /* main.m */,
			);
			name = "Supporting Files";
			sourceTree = "<group>";
		};
		B51F78711A371C7300133C68 /* BlockAndDelegatePassValueDemoTests */ = {
			isa = PBXGroup;
			children = (
				B51F78741A371C7300133C68 /* BlockAndDelegatePassValueDemoTests.m */,
				B51F78721A371C7300133C68 /* Supporting Files */,
			);
			path = BlockAndDelegatePassValueDemoTests;
			sourceTree = "<group>";
		};
		B51F78721A371C7300133C68 /* Supporting Files */ = {
			isa = PBXGroup;
			children = (
				B51F78731A371C7300133C68 /* Info.plist */,
			);
			name = "Supporting Files";
			sourceTree = "<group>";
		};
/* End PBXGroup section */

/* Begin PBXNativeTarget section */
		B51F78541A371C7300133C68 /* BlockAndDelegatePassValueDemo */ = {
			isa = PBXNativeTarget;
			buildConfigurationList = B51F78781A371C7300133C68 /* Build configuration list for PBXNativeTarget "BlockAndDelegatePassValueDemo" */;
			buildPhases = (
				B51F78511A371C7300133C68 /* Sources */,
				B51F78521A371C7300133C68 /* Frameworks */,
				B51F78531A371C7300133C68 /* Resources */,
			);
			buildRules = (
			);
			dependencies = (
			);
			name = BlockAndDelegatePassValueDemo;
			productName = BlockAndDelegatePassValueDemo;
			productReference = B51F78551A371C7300133C68 /* BlockAndDelegatePassValueDemo.app */;
			productType = "com.apple.product-type.application";
		};
		B51F786D1A371C7300133C68 /* BlockAndDelegatePassValueDemoTests */ = {
			isa = PBXNativeTarget;
			buildConfigurationList = B51F787B1A371C7300133C68 /* Build configuration list for PBXNativeTarget "BlockAndDelegatePassValueDemoTests" */;
			buildPhases = (
				B51F786A1A371C7300133C68 /* Sources */,
				B51F786B1A371C7300133C68 /* Frameworks */,
				B51F786C1A371C7300133C68 /* Resources */,
			);
			buildRules = (
			);
			dependencies = (
				B51F78701A371C7300133C68 /* PBXTargetDependency */,
			);
			name = BlockAndDelegatePassValueDemoTests;
			productName = BlockAndDelegatePassValueDemoTests;
			productReference = B51F786E1A371C7300133C68 /* BlockAndDelegatePassValueDemoTests.xctest */;
			productType = "com.apple.product-type.bundle.unit-test";
		};
/* End PBXNativeTarget section */

/* Begin PBXProject section */
		B51F784D1A371C7300133C68 /* Project object */ = {
			isa = PBXProject;
			attributes = {
				LastUpgradeCheck = 0610;
				ORGANIZATIONNAME = FrankLiu;
				TargetAttributes = {
					B51F78541A371C7300133C68 = {
						CreatedOnToolsVersion = 6.1.1;
					};
					B51F786D1A371C7300133C68 = {
						CreatedOnToolsVersion = 6.1.1;
						TestTargetID = B51F78541A371C7300133C68;
					};
				};
			};
			buildConfigurationList = B51F78501A371C7300133C68 /* Build configuration list for PBXProject "BlockAndDelegatePassValueDemo" */;
			compatibilityVersion = "Xcode 3.2";
			developmentRegion = English;
			hasScannedForEncodings = 0;
			knownRegions = (
				en,
				Base,
			);
			mainGroup = B51F784C1A371C7300133C68;
			productRefGroup = B51F78561A371C7300133C68 /* Products */;
			projectDirPath = "";
			projectRoot = "";
			targets = (
				B51F78541A371C7300133C68 /* BlockAndDelegatePassValueDemo */,
				B51F786D1A371C7300133C68 /* BlockAndDelegatePassValueDemoTests */,
			);
		};
/* End PBXProject section */

/* Begin PBXResourcesBuildPhase section */
		B51F78531A371C7300133C68 /* Resources */ = {
			isa = PBXResourcesBuildPhase;
			buildActionMask = 2147483647;
			files = (
				B51F78641A371C7300133C68 /* Main.storyboard in Resources */,
				B51F78691A371C7300133C68 /* LaunchScreen.xib in Resources */,
				B51F78661A371C7300133C68 /* Images.xcassets in Resources */,
			);
			runOnlyForDeploymentPostprocessing = 0;
		};
		B51F786C1A371C7300133C68 /* Resources */ = {
			isa = PBXResourcesBuildPhase;
			buildActionMask = 2147483647;
			files = (
			);
			runOnlyForDeploymentPostprocessing = 0;
		};
/* End PBXResourcesBuildPhase section */

/* Begin PBXSourcesBuildPhase section */
		B51F78511A371C7300133C68 /* Sources */ = {
			isa = PBXSourcesBuildPhase;
			buildActionMask = 2147483647;
			files = (
				B51F78801A371F5400133C68 /* SecondViewController.m in Sources */,
				B51F78611A371C7300133C68 /* ViewController.m in Sources */,
				B51F785E1A371C7300133C68 /* AppDelegate.m in Sources */,
				B51F785B1A371C7300133C68 /* main.m in Sources */,
			);
			runOnlyForDeploymentPostprocessing = 0;
		};
		B51F786A1A371C7300133C68 /* Sources */ = {
			isa = PBXSourcesBuildPhase;
			buildActionMask = 2147483647;
			files = (
				B51F78751A371C7300133C68 /* BlockAndDelegatePassValueDemoTests.m in Sources */,
			);
			runOnlyForDeploymentPostprocessing = 0;
		};
/* End PBXSourcesBuildPhase section */

/* Begin PBXTargetDependency section */
		B51F78701A371C7300133C68 /* PBXTargetDependency */ = {
			isa = PBXTargetDependency;
			target = B51F78541A371C7300133C68 /* BlockAndDelegatePassValueDemo */;
			targetProxy = B51F786F1A371C7300133C68 /* PBXContainerItemProxy */;
		};
/* End PBXTargetDependency section */

/* Begin PBXVariantGroup section */
		B51F78621A371C7300133C68 /* Main.storyboard */ = {
			isa = PBXVariantGroup;
			children = (
				B51F78631A371C7300133C68 /* Base */,
			);
			name = Main.storyboard;
			sourceTree = "<group>";
		};
		B51F78671A371C7300133C68 /* LaunchScreen.xib */ = {
			isa = PBXVariantGroup;
			children = (
				B51F78681A371C7300133C68 /* Base */,
			);
			name = LaunchScreen.xib;
			sourceTree = "<group>";
		};
/* End PBXVariantGroup section */

/* Begin XCBuildConfiguration section */
		B51F78761A371C7300133C68 /* Debug */ = {
			isa = XCBuildConfiguration;
			buildSettings = {
				ALWAYS_SEARCH_USER_PATHS = NO;
				CLANG_CXX_LANGUAGE_STANDARD = "gnu++0x";
				CLANG_CXX_LIBRARY = "libc++";
				CLANG_ENABLE_MODULES = YES;
				CLANG_ENABLE_OBJC_ARC = YES;
				CLANG_WARN_BOOL_CONVERSION = YES;
				CLANG_WARN_CONSTANT_CONVERSION = YES;
				CLANG_WARN_DIRECT_OBJC_ISA_USAGE = YES_ERROR;
				CLANG_WARN_EMPTY_BODY = YES;
				CLANG_WARN_ENUM_CONVERSION = YES;
				CLANG_WARN_INT_CONVERSION = YES;
				CLANG_WARN_OBJC_ROOT_CLASS = YES_ERROR;
				CLANG_WARN_UNREACHABLE_CODE = YES;
				CLANG_WARN__DUPLICATE_METHOD_MATCH = YES;
				"CODE_SIGN_IDENTITY[sdk=iphoneos*]" = "iPhone Developer";
				COPY_PHASE_STRIP = NO;
				ENABLE_STRICT_OBJC_MSGSEND = YES;
				GCC_C_LANGUAGE_STANDARD = gnu99;
				GCC_DYNAMIC_NO_PIC = NO;
				GCC_OPTIMIZATION_LEVEL = 0;
				GCC_PREPROCESSOR_DEFINITIONS = (
					"DEBUG=1",
					"$(inherited)",
				);
				GCC_SYMBOLS_PRIVATE_EXTERN = NO;
				GCC_WARN_64_TO_32_BIT_CONVERSION = YES;
				GCC_WARN_ABOUT_RETURN_TYPE = YES_ERROR;
				GCC_WARN_UNDECLARED_SELECTOR = YES;
				GCC_WARN_UNINITIALIZED_AUTOS = YES_AGGRESSIVE;
				GCC_WARN_UNUSED_FUNCTION = YES;
				GCC_WARN_UNUSED_VARIABLE = YES;
				IPHONEOS_DEPLOYMENT_TARGET = 8.1;
				MTL_ENABLE_DEBUG_INFO = YES;
				ONLY_ACTIVE_ARCH = YES;
				SDKROOT = iphoneos;
			};
			name = Debug;
		};
		B51F78771A371C7300133C68 /* Release */ = {
			isa = XCBuildConfiguration;
			buildSettings = {
				ALWAYS_SEARCH_USER_PATHS = NO;
				CLANG_CXX_LANGUAGE_STANDARD = "gnu++0x";
				CLANG_CXX_LIBRARY = "libc++";
				CLANG_ENABLE_MODULES = YES;
				CLANG_ENABLE_OBJC_ARC = YES;
				CLANG_WARN_BOOL_CONVERSION = YES;
				CLANG_WARN_CONSTANT_CONVERSION = YES;
				CLANG_WARN_DIRECT_OBJC_ISA_USAGE = YES_ERROR;
				CLANG_WARN_EMPTY_BODY = YES;
				CLANG_WARN_ENUM_CONVERSION = YES;
				CLANG_WARN_INT_CONVERSION = YES;
				CLANG_WARN_OBJC_ROOT_CLASS = YES_ERROR;
				CLANG_WARN_UNREACHABLE_CODE = YES;
				CLANG_WARN__DUPLICATE_METHOD_MATCH = YES;
				"CODE_SIGN_IDENTITY[sdk=iphoneos*]" = "iPhone Developer";
				COPY_PHASE_STRIP = YES;
				ENABLE_NS_ASSERTIONS = NO;
				ENABLE_STRICT_OBJC_MSGSEND = YES;
				GCC_C_LANGUAGE_STANDARD = gnu99;
				GCC_WARN_64_TO_32_BIT_CONVERSION = YES;
				GCC_WARN_ABOUT_RETURN_TYPE = YES_ERROR;
				GCC_WARN_UNDECLARED_SELECTOR = YES;
				GCC_WARN_UNINITIALIZED_AUTOS = YES_AGGRESSIVE;
				GCC_WARN_UNUSED_FUNCTION = YES;
				GCC_WARN_UNUSED_VARIABLE = YES;
				IPHONEOS_DEPLOYMENT_TARGET = 8.1;
				MTL_ENABLE_DEBUG_INFO = NO;
				SDKROOT = iphoneos;
				VALIDATE_PRODUCT = YES;
			};
			name = Release;
		};
		B51F78791A371C7300133C68 /* Debug */ = {
			isa = XCBuildConfiguration;
			buildSettings = {
				ASSETCATALOG_COMPILER_APPICON_NAME = AppIcon;
				GCC_PREFIX_HEADER = "$(SRCROOT)/BlockAndDelegatePassValueDemo/PrefixHeader.pch";
				INFOPLIST_FILE = BlockAndDelegatePassValueDemo/Info.plist;
				LD_RUNPATH_SEARCH_PATHS = "$(inherited) @executable_path/Frameworks";
				PRODUCT_NAME = "$(TARGET_NAME)";
			};
			name = Debug;
		};
		B51F787A1A371C7300133C68 /* Release */ = {
			isa = XCBuildConfiguration;
			buildSettings = {
				ASSETCATALOG_COMPILER_APPICON_NAME = AppIcon;
				GCC_PREFIX_HEADER = "$(SRCROOT)/BlockAndDelegatePassValueDemo/PrefixHeader.pch";
				INFOPLIST_FILE = BlockAndDelegatePassValueDemo/Info.plist;
				LD_RUNPATH_SEARCH_PATHS = "$(inherited) @executable_path/Frameworks";
				PRODUCT_NAME = "$(TARGET_NAME)";
			};
			name = Release;
		};
		B51F787C1A371C7300133C68 /* Debug */ = {
			isa = XCBuildConfiguration;
			buildSettings = {
				BUNDLE_LOADER = "$(TEST_HOST)";
				FRAMEWORK_SEARCH_PATHS = (
					"$(SDKROOT)/Developer/Library/Frameworks",
					"$(inherited)",
				);
				GCC_PREPROCESSOR_DEFINITIONS = (
					"DEBUG=1",
					"$(inherited)",
				);
				INFOPLIST_FILE = BlockAndDelegatePassValueDemoTests/Info.plist;
				LD_RUNPATH_SEARCH_PATHS = "$(inherited) @executable_path/Frameworks @loader_path/Frameworks";
				PRODUCT_NAME = "$(TARGET_NAME)";
				TEST_HOST = "$(BUILT_PRODUCTS_DIR)/BlockAndDelegatePassValueDemo.app/BlockAndDelegatePassValueDemo";
			};
			name = Debug;
		};
		B51F787D1A371C7300133C68 /* Release */ = {
			isa = XCBuildConfiguration;
			buildSettings = {
				BUNDLE_LOADER = "$(TEST_HOST)";
				FRAMEWORK_SEARCH_PATHS = (
					"$(SDKROOT)/Developer/Library/Frameworks",
					"$(inherited)",
				);
				INFOPLIST_FILE = BlockAndDelegatePassValueDemoTests/Info.plist;
				LD_RUNPATH_SEARCH_PATHS = "$(inherited) @executable_path/Frameworks @loader_path/Frameworks";
				PRODUCT_NAME = "$(TARGET_NAME)";
				TEST_HOST = "$(BUILT_PRODUCTS_DIR)/BlockAndDelegatePassValueDemo.app/BlockAndDelegatePassValueDemo";
			};
			name = Release;
		};
/* End XCBuildConfiguration section */

/* Begin XCConfigurationList section */
		B51F78501A371C7300133C68 /* Build configuration list for PBXProject "BlockAndDelegatePassValueDemo" */ = {
			isa = XCConfigurationList;
			buildConfigurations = (
				B51F78761A371C7300133C68 /* Debug */,
				B51F78771A371C7300133C68 /* Release */,
			);
			defaultConfigurationIsVisible = 0;
			defaultConfigurationName = Release;
		};
		B51F78781A371C7300133C68 /* Build configuration list for PBXNativeTarget "BlockAndDelegatePassValueDemo" */ = {
			isa = XCConfigurationList;
			buildConfigurations = (
				B51F78791A371C7300133C68 /* Debug */,
				B51F787A1A371C7300133C68 /* Release */,
			);
			defaultConfigurationIsVisible = 0;
		};
		B51F787B1A371C7300133C68 /* Build configuration list for PBXNativeTarget "BlockAndDelegatePassValueDemoTests" */ = {
			isa = XCConfigurationList;
			buildConfigurations = (
				B51F787C1A371C7300133C68 /* Debug */,
				B51F787D1A371C7300133C68 /* Release */,
			);
			defaultConfigurationIsVisible = 0;
		};
/* End XCConfigurationList section */
	};
	rootObject = B51F784D1A371C7300133C68 /* Project object */;
}
